
Microsoft Visual Studio Solution File, Format Version 12.00
# Visual Studio Version 17
VisualStudioVersion = 17.1.32421.90
MinimumVisualStudioVersion = 10.0.40219.1
Project("{FAE04EC0-301F-11D3-BF4B-00C04F79EFBC}") = "Arduino_Csharp_1", "Arduino_Csharp_1\Arduino_Csharp_1.csproj", "{7CE991D9-E507-4E13-A7A6-10C7E381E634}"
EndProject
Global
	GlobalSection(SolutionConfigurationPlatforms) = preSolution
		Debug|Any CPU = Debug|Any CPU
		Release|Any CPU = Release|Any CPU
	EndGlobalSection
	GlobalSection(ProjectConfigurationPlatforms) = postSolution
		{7CE991D9-E507-4E13-A7A6-10C7E381E634}.Debug|Any CPU.ActiveCfg = Debug|Any CPU
		{7CE991D9-E507-4E13-A7A6-10C7E381E634}.Debug|Any CPU.Build.0 = Debug|Any CPU
		{7CE991D9-E507-4E13-A7A6-10C7E381E634}.Release|Any CPU.ActiveCfg = Release|Any CPU
		{7CE991D9-E507-4E13-A7A6-10C7E381E634}.Release|Any CPU.Build.0 = Release|Any CPU
	EndGlobalSection
	GlobalSection(SolutionProperties) = preSolution
		HideSolutionNode = FALSE
	EndGlobalSection
	GlobalSection(ExtensibilityGlobals) = postSolution
		SolutionGuid = {E22F2296-B41D-4F85-A895-C5065ED66190}
	EndGlobalSection
EndGlobal
